
Microsoft Visual Studio Solution File, Format Version 12.00
# Visual Studio Version 17
VisualStudioVersion = 17.8.34511.84
MinimumVisualStudioVersion = 10.0.40219.1
Project("{9A19103F-16F7-4668-BE54-9A1E7A4F7556}") = "HackerNews", "HackerNews.csproj", "{F4A04BF2-848E-4288-983E-0B2566CA46D0}"
EndProject
Project("{9A19103F-16F7-4668-BE54-9A1E7A4F7556}") = "HackerNews.Domain", "..\HackerNew.Domain\HackerNews.Domain.csproj", "{E6ACBC5D-6617-4D50-92A8-9CEFB9802492}"
EndProject
Project("{9A19103F-16F7-4668-BE54-9A1E7A4F7556}") = "HackerNews.Tests", "..\HackerNews.Tests\HackerNews.Tests.csproj", "{B1831334-0A05-4426-A785-71716AF311FF}"
EndProject
Project("{2150E333-8FDC-42A3-9474-1A3956D46DE8}") = "Solution Items", "Solution Items", "{562DD822-60D6-4D80-B3EB-E24F7C5715F8}"
	ProjectSection(SolutionItems) = preProject
		..\README.md = ..\README.md
	EndProjectSection
EndProject
Global
	GlobalSection(SolutionConfigurationPlatforms) = preSolution
		Debug|Any CPU = Debug|Any CPU
		Release|Any CPU = Release|Any CPU
	EndGlobalSection
	GlobalSection(ProjectConfigurationPlatforms) = postSolution
		{F4A04BF2-848E-4288-983E-0B2566CA46D0}.Debug|Any CPU.ActiveCfg = Debug|Any CPU
		{F4A04BF2-848E-4288-983E-0B2566CA46D0}.Debug|Any CPU.Build.0 = Debug|Any CPU
		{F4A04BF2-848E-4288-983E-0B2566CA46D0}.Release|Any CPU.ActiveCfg = Release|Any CPU
		{F4A04BF2-848E-4288-983E-0B2566CA46D0}.Release|Any CPU.Build.0 = Release|Any CPU
		{E6ACBC5D-6617-4D50-92A8-9CEFB9802492}.Debug|Any CPU.ActiveCfg = Debug|Any CPU
		{E6ACBC5D-6617-4D50-92A8-9CEFB9802492}.Debug|Any CPU.Build.0 = Debug|Any CPU
		{E6ACBC5D-6617-4D50-92A8-9CEFB9802492}.Release|Any CPU.ActiveCfg = Release|Any CPU
		{E6ACBC5D-6617-4D50-92A8-9CEFB9802492}.Release|Any CPU.Build.0 = Release|Any CPU
		{B1831334-0A05-4426-A785-71716AF311FF}.Debug|Any CPU.ActiveCfg = Debug|Any CPU
		{B1831334-0A05-4426-A785-71716AF311FF}.Debug|Any CPU.Build.0 = Debug|Any CPU
		{B1831334-0A05-4426-A785-71716AF311FF}.Release|Any CPU.ActiveCfg = Release|Any CPU
		{B1831334-0A05-4426-A785-71716AF311FF}.Release|Any CPU.Build.0 = Release|Any CPU
	EndGlobalSection
	GlobalSection(SolutionProperties) = preSolution
		HideSolutionNode = FALSE
	EndGlobalSection
	GlobalSection(ExtensibilityGlobals) = postSolution
		SolutionGuid = {2DDB4C80-6BF0-4EBC-AA45-8EB3FF6B5962}
	EndGlobalSection
EndGlobal
